// !$*UTF8*$!
{
	archiveVersion = 1;
	classes = {
	};
	objectVersion = 50;
	objects = {

/* Begin PBXBuildFile section */
		D255017F25FBE2430017F2A4 /* ARModel.swift in Sources */ = {isa = PBXBuildFile; fileRef = D255017E25FBE2430017F2A4 /* ARModel.swift */; };
		D255018225FBE3460017F2A4 /* ARDisplayView.swift in Sources */ = {isa = PBXBuildFile; fileRef = D255018125FBE3460017F2A4 /* ARDisplayView.swift */; };
		D255018525FD9A620017F2A4 /* ProductViewModel.swift in Sources */ = {isa = PBXBuildFile; fileRef = D255018425FD9A620017F2A4 /* ProductViewModel.swift */; };
		D255018825FD9AA00017F2A4 /* Product.swift in Sources */ = {isa = PBXBuildFile; fileRef = D255018725FD9AA00017F2A4 /* Product.swift */; };
		D255018B25FE36090017F2A4 /* BarcodeScanner.swift in Sources */ = {isa = PBXBuildFile; fileRef = D255018A25FE36090017F2A4 /* BarcodeScanner.swift */; };
		D255018E25FE38AB0017F2A4 /* View+Snapshot.swift in Sources */ = {isa = PBXBuildFile; fileRef = D255018D25FE38AB0017F2A4 /* View+Snapshot.swift */; };
		D255019125FFCB5F0017F2A4 /* ImagePicker.swift in Sources */ = {isa = PBXBuildFile; fileRef = D255019025FFCB5F0017F2A4 /* ImagePicker.swift */; };
		D2CA1C4425FAB8920037A0E4 /* AppDelegate.swift in Sources */ = {isa = PBXBuildFile; fileRef = D2CA1C4325FAB8920037A0E4 /* AppDelegate.swift */; };
		D2CA1C4625FAB8920037A0E4 /* ContentView.swift in Sources */ = {isa = PBXBuildFile; fileRef = D2CA1C4525FAB8920037A0E4 /* ContentView.swift */; };
		D2CA1C4825FAB8920037A0E4 /* Experience.rcproject in Sources */ = {isa = PBXBuildFile; fileRef = D2CA1C4725FAB8920037A0E4 /* Experience.rcproject */; };
		D2CA1C4A25FAB8940037A0E4 /* Assets.xcassets in Resources */ = {isa = PBXBuildFile; fileRef = D2CA1C4925FAB8940037A0E4 /* Assets.xcassets */; };
		D2CA1C4D25FAB8940037A0E4 /* Preview Assets.xcassets in Resources */ = {isa = PBXBuildFile; fileRef = D2CA1C4C25FAB8940037A0E4 /* Preview Assets.xcassets */; };
		D2D11754260630F900599C4D /* MainMenuView.swift in Sources */ = {isa = PBXBuildFile; fileRef = D2D11753260630F900599C4D /* MainMenuView.swift */; };
		D2D117572606C9A200599C4D /* ARGameView.swift in Sources */ = {isa = PBXBuildFile; fileRef = D2D117562606C9A200599C4D /* ARGameView.swift */; };
/* End PBXBuildFile section */

/* Begin PBXFileReference section */
		D255017E25FBE2430017F2A4 /* ARModel.swift */ = {isa = PBXFileReference; lastKnownFileType = sourcecode.swift; path = ARModel.swift; sourceTree = "<group>"; };
		D255018125FBE3460017F2A4 /* ARDisplayView.swift */ = {isa = PBXFileReference; lastKnownFileType = sourcecode.swift; path = ARDisplayView.swift; sourceTree = "<group>"; };
		D255018425FD9A620017F2A4 /* ProductViewModel.swift */ = {isa = PBXFileReference; lastKnownFileType = sourcecode.swift; path = ProductViewModel.swift; sourceTree = "<group>"; };
		D255018725FD9AA00017F2A4 /* Product.swift */ = {isa = PBXFileReference; lastKnownFileType = sourcecode.swift; path = Product.swift; sourceTree = "<group>"; };
		D255018A25FE36090017F2A4 /* BarcodeScanner.swift */ = {isa = PBXFileReference; lastKnownFileType = sourcecode.swift; path = BarcodeScanner.swift; sourceTree = "<group>"; };
		D255018D25FE38AB0017F2A4 /* View+Snapshot.swift */ = {isa = PBXFileReference; lastKnownFileType = sourcecode.swift; path = "View+Snapshot.swift"; sourceTree = "<group>"; };
		D255019025FFCB5F0017F2A4 /* ImagePicker.swift */ = {isa = PBXFileReference; lastKnownFileType = sourcecode.swift; path = ImagePicker.swift; sourceTree = "<group>"; };
		D2CA1C4025FAB8910037A0E4 /* ARtest2.app */ = {isa = PBXFileReference; explicitFileType = wrapper.application; includeInIndex = 0; path = ARtest2.app; sourceTree = BUILT_PRODUCTS_DIR; };
		D2CA1C4325FAB8920037A0E4 /* AppDelegate.swift */ = {isa = PBXFileReference; lastKnownFileType = sourcecode.swift; path = AppDelegate.swift; sourceTree = "<group>"; };
		D2CA1C4525FAB8920037A0E4 /* ContentView.swift */ = {isa = PBXFileReference; lastKnownFileType = sourcecode.swift; path = ContentView.swift; sourceTree = "<group>"; };
		D2CA1C4725FAB8920037A0E4 /* Experience.rcproject */ = {isa = PBXFileReference; lastKnownFileType = file.rcproject; path = Experience.rcproject; sourceTree = "<group>"; };
		D2CA1C4925FAB8940037A0E4 /* Assets.xcassets */ = {isa = PBXFileReference; lastKnownFileType = folder.assetcatalog; path = Assets.xcassets; sourceTree = "<group>"; };
		D2CA1C4C25FAB8940037A0E4 /* Preview Assets.xcassets */ = {isa = PBXFileReference; lastKnownFileType = folder.assetcatalog; path = "Preview Assets.xcassets"; sourceTree = "<group>"; };
		D2CA1C4E25FAB8940037A0E4 /* Info.plist */ = {isa = PBXFileReference; lastKnownFileType = text.plist.xml; path = Info.plist; sourceTree = "<group>"; };
		D2D11753260630F900599C4D /* MainMenuView.swift */ = {isa = PBXFileReference; lastKnownFileType = sourcecode.swift; path = MainMenuView.swift; sourceTree = "<group>"; };
		D2D117562606C9A200599C4D /* ARGameView.swift */ = {isa = PBXFileReference; lastKnownFileType = sourcecode.swift; path = ARGameView.swift; sourceTree = "<group>"; };
/* End PBXFileReference section */

/* Begin PBXFrameworksBuildPhase section */
		D2CA1C3D25FAB8910037A0E4 /* Frameworks */ = {
			isa = PBXFrameworksBuildPhase;
			buildActionMask = 2147483647;
			files = (
			);
			runOnlyForDeploymentPostprocessing = 0;
		};
/* End PBXFrameworksBuildPhase section */

/* Begin PBXGroup section */
		D2CA1C3725FAB8910037A0E4 = {
			isa = PBXGroup;
			children = (
				D2CA1C4225FAB8910037A0E4 /* ARtest2 */,
				D2CA1C4125FAB8910037A0E4 /* Products */,
			);
			sourceTree = "<group>";
		};
		D2CA1C4125FAB8910037A0E4 /* Products */ = {
			isa = PBXGroup;
			children = (
				D2CA1C4025FAB8910037A0E4 /* ARtest2.app */,
			);
			name = Products;
			sourceTree = "<group>";
		};
		D2CA1C4225FAB8910037A0E4 /* ARtest2 */ = {
			isa = PBXGroup;
			children = (
				D2CA1C4325FAB8920037A0E4 /* AppDelegate.swift */,
				D2CA1C4525FAB8920037A0E4 /* ContentView.swift */,
				D2D11753260630F900599C4D /* MainMenuView.swift */,
				D255019025FFCB5F0017F2A4 /* ImagePicker.swift */,
				D255018D25FE38AB0017F2A4 /* View+Snapshot.swift */,
				D255018125FBE3460017F2A4 /* ARDisplayView.swift */,
				D2D117562606C9A200599C4D /* ARGameView.swift */,
				D255017E25FBE2430017F2A4 /* ARModel.swift */,
				D255018425FD9A620017F2A4 /* ProductViewModel.swift */,
				D255018725FD9AA00017F2A4 /* Product.swift */,
				D255018A25FE36090017F2A4 /* BarcodeScanner.swift */,
				D2CA1C4725FAB8920037A0E4 /* Experience.rcproject */,
				D2CA1C4925FAB8940037A0E4 /* Assets.xcassets */,
				D2CA1C4E25FAB8940037A0E4 /* Info.plist */,
				D2CA1C4B25FAB8940037A0E4 /* Preview Content */,
			);
			path = ARtest2;
			sourceTree = "<group>";
		};
		D2CA1C4B25FAB8940037A0E4 /* Preview Content */ = {
			isa = PBXGroup;
			children = (
				D2CA1C4C25FAB8940037A0E4 /* Preview Assets.xcassets */,
			);
			path = "Preview Content";
			sourceTree = "<group>";
		};
/* End PBXGroup section */

/* Begin PBXNativeTarget section */
		D2CA1C3F25FAB8910037A0E4 /* ARtest2 */ = {
			isa = PBXNativeTarget;
			buildConfigurationList = D2CA1C5125FAB8940037A0E4 /* Build configuration list for PBXNativeTarget "ARtest2" */;
			buildPhases = (
				D2CA1C3C25FAB8910037A0E4 /* Sources */,
				D2CA1C3D25FAB8910037A0E4 /* Frameworks */,
				D2CA1C3E25FAB8910037A0E4 /* Resources */,
			);
			buildRules = (
			);
			dependencies = (
			);
			name = ARtest2;
			productName = ARtest2;
			productReference = D2CA1C4025FAB8910037A0E4 /* ARtest2.app */;
			productType = "com.apple.product-type.application";
		};
/* End PBXNativeTarget section */

/* Begin PBXProject section */
		D2CA1C3825FAB8910037A0E4 /* Project object */ = {
			isa = PBXProject;
			attributes = {
				LastSwiftUpdateCheck = 1240;
				LastUpgradeCheck = 1240;
				TargetAttributes = {
					D2CA1C3F25FAB8910037A0E4 = {
						CreatedOnToolsVersion = 12.4;
					};
				};
			};
			buildConfigurationList = D2CA1C3B25FAB8910037A0E4 /* Build configuration list for PBXProject "ARtest2" */;
			compatibilityVersion = "Xcode 9.3";
			developmentRegion = en;
			hasScannedForEncodings = 0;
			knownRegions = (
				en,
				Base,
			);
			mainGroup = D2CA1C3725FAB8910037A0E4;
			productRefGroup = D2CA1C4125FAB8910037A0E4 /* Products */;
			projectDirPath = "";
			projectRoot = "";
			targets = (
				D2CA1C3F25FAB8910037A0E4 /* ARtest2 */,
			);
		};
/* End PBXProject section */

/* Begin PBXResourcesBuildPhase section */
		D2CA1C3E25FAB8910037A0E4 /* Resources */ = {
			isa = PBXResourcesBuildPhase;
			buildActionMask = 2147483647;
			files = (
				D2CA1C4D25FAB8940037A0E4 /* Preview Assets.xcassets in Resources */,
				D2CA1C4A25FAB8940037A0E4 /* Assets.xcassets in Resources */,
			);
			runOnlyForDeploymentPostprocessing = 0;
		};
/* End PBXResourcesBuildPhase section */

/* Begin PBXSourcesBuildPhase section */
		D2CA1C3C25FAB8910037A0E4 /* Sources */ = {
			isa = PBXSourcesBuildPhase;
			buildActionMask = 2147483647;
			files = (
				D255017F25FBE2430017F2A4 /* ARModel.swift in Sources */,
				D255018E25FE38AB0017F2A4 /* View+Snapshot.swift in Sources */,
				D255018B25FE36090017F2A4 /* BarcodeScanner.swift in Sources */,
				D2CA1C4625FAB8920037A0E4 /* ContentView.swift in Sources */,
				D255018525FD9A620017F2A4 /* ProductViewModel.swift in Sources */,
				D255018225FBE3460017F2A4 /* ARDisplayView.swift in Sources */,
				D2CA1C4425FAB8920037A0E4 /* AppDelegate.swift in Sources */,
				D255019125FFCB5F0017F2A4 /* ImagePicker.swift in Sources */,
				D2D11754260630F900599C4D /* MainMenuView.swift in Sources */,
				D2CA1C4825FAB8920037A0E4 /* Experience.rcproject in Sources */,
				D2D117572606C9A200599C4D /* ARGameView.swift in Sources */,
				D255018825FD9AA00017F2A4 /* Product.swift in Sources */,
			);
			runOnlyForDeploymentPostprocessing = 0;
		};
/* End PBXSourcesBuildPhase section */

/* Begin XCBuildConfiguration section */
		D2CA1C4F25FAB8940037A0E4 /* Debug */ = {
			isa = XCBuildConfiguration;
			buildSettings = {
				ALWAYS_SEARCH_USER_PATHS = NO;
				CLANG_ANALYZER_NONNULL = YES;
				CLANG_ANALYZER_NUMBER_OBJECT_CONVERSION = YES_AGGRESSIVE;
				CLANG_CXX_LANGUAGE_STANDARD = "gnu++14";
				CLANG_CXX_LIBRARY = "libc++";
				CLANG_ENABLE_MODULES = YES;
				CLANG_ENABLE_OBJC_ARC = YES;
				CLANG_ENABLE_OBJC_WEAK = YES;
				CLANG_WARN_BLOCK_CAPTURE_AUTORELEASING = YES;
				CLANG_WARN_BOOL_CONVERSION = YES;
				CLANG_WARN_COMMA = YES;
				CLANG_WARN_CONSTANT_CONVERSION = YES;
				CLANG_WARN_DEPRECATED_OBJC_IMPLEMENTATIONS = YES;
				CLANG_WARN_DIRECT_OBJC_ISA_USAGE = YES_ERROR;
				CLANG_WARN_DOCUMENTATION_COMMENTS = YES;
				CLANG_WARN_EMPTY_BODY = YES;
				CLANG_WARN_ENUM_CONVERSION = YES;
				CLANG_WARN_INFINITE_RECURSION = YES;
				CLANG_WARN_INT_CONVERSION = YES;
				CLANG_WARN_NON_LITERAL_NULL_CONVERSION = YES;
				CLANG_WARN_OBJC_IMPLICIT_RETAIN_SELF = YES;
				CLANG_WARN_OBJC_LITERAL_CONVERSION = YES;
				CLANG_WARN_OBJC_ROOT_CLASS = YES_ERROR;
				CLANG_WARN_QUOTED_INCLUDE_IN_FRAMEWORK_HEADER = YES;
				CLANG_WARN_RANGE_LOOP_ANALYSIS = YES;
				CLANG_WARN_STRICT_PROTOTYPES = YES;
				CLANG_WARN_SUSPICIOUS_MOVE = YES;
				CLANG_WARN_UNGUARDED_AVAILABILITY = YES_AGGRESSIVE;
				CLANG_WARN_UNREACHABLE_CODE = YES;
				CLANG_WARN__DUPLICATE_METHOD_MATCH = YES;
				COPY_PHASE_STRIP = NO;
				DEBUG_INFORMATION_FORMAT = dwarf;
				ENABLE_STRICT_OBJC_MSGSEND = YES;
				ENABLE_TESTABILITY = YES;
				GCC_C_LANGUAGE_STANDARD = gnu11;
				GCC_DYNAMIC_NO_PIC = NO;
				GCC_NO_COMMON_BLOCKS = YES;
				GCC_OPTIMIZATION_LEVEL = 0;
				GCC_PREPROCESSOR_DEFINITIONS = (
					"DEBUG=1",
					"$(inherited)",
				);
				GCC_WARN_64_TO_32_BIT_CONVERSION = YES;
				GCC_WARN_ABOUT_RETURN_TYPE = YES_ERROR;
				GCC_WARN_UNDECLARED_SELECTOR = YES;
				GCC_WARN_UNINITIALIZED_AUTOS = YES_AGGRESSIVE;
				GCC_WARN_UNUSED_FUNCTION = YES;
				GCC_WARN_UNUSED_VARIABLE = YES;
				IPHONEOS_DEPLOYMENT_TARGET = 14.4;
				MTL_ENABLE_DEBUG_INFO = INCLUDE_SOURCE;
				MTL_FAST_MATH = YES;
				ONLY_ACTIVE_ARCH = YES;
				SDKROOT = iphoneos;
				SWIFT_ACTIVE_COMPILATION_CONDITIONS = DEBUG;
				SWIFT_OPTIMIZATION_LEVEL = "-Onone";
			};
			name = Debug;
		};
		D2CA1C5025FAB8940037A0E4 /* Release */ = {
			isa = XCBuildConfiguration;
			buildSettings = {
				ALWAYS_SEARCH_USER_PATHS = NO;
				CLANG_ANALYZER_NONNULL = YES;
				CLANG_ANALYZER_NUMBER_OBJECT_CONVERSION = YES_AGGRESSIVE;
				CLANG_CXX_LANGUAGE_STANDARD = "gnu++14";
				CLANG_CXX_LIBRARY = "libc++";
				CLANG_ENABLE_MODULES = YES;
				CLANG_ENABLE_OBJC_ARC = YES;
				CLANG_ENABLE_OBJC_WEAK = YES;
				CLANG_WARN_BLOCK_CAPTURE_AUTORELEASING = YES;
				CLANG_WARN_BOOL_CONVERSION = YES;
				CLANG_WARN_COMMA = YES;
				CLANG_WARN_CONSTANT_CONVERSION = YES;
				CLANG_WARN_DEPRECATED_OBJC_IMPLEMENTATIONS = YES;
				CLANG_WARN_DIRECT_OBJC_ISA_USAGE = YES_ERROR;
				CLANG_WARN_DOCUMENTATION_COMMENTS = YES;
				CLANG_WARN_EMPTY_BODY = YES;
				CLANG_WARN_ENUM_CONVERSION = YES;
				CLANG_WARN_INFINITE_RECURSION = YES;
				CLANG_WARN_INT_CONVERSION = YES;
				CLANG_WARN_NON_LITERAL_NULL_CONVERSION = YES;
				CLANG_WARN_OBJC_IMPLICIT_RETAIN_SELF = YES;
				CLANG_WARN_OBJC_LITERAL_CONVERSION = YES;
				CLANG_WARN_OBJC_ROOT_CLASS = YES_ERROR;
				CLANG_WARN_QUOTED_INCLUDE_IN_FRAMEWORK_HEADER = YES;
				CLANG_WARN_RANGE_LOOP_ANALYSIS = YES;
				CLANG_WARN_STRICT_PROTOTYPES = YES;
				CLANG_WARN_SUSPICIOUS_MOVE = YES;
				CLANG_WARN_UNGUARDED_AVAILABILITY = YES_AGGRESSIVE;
				CLANG_WARN_UNREACHABLE_CODE = YES;
				CLANG_WARN__DUPLICATE_METHOD_MATCH = YES;
				COPY_PHASE_STRIP = NO;
				DEBUG_INFORMATION_FORMAT = "dwarf-with-dsym";
				ENABLE_NS_ASSERTIONS = NO;
				ENABLE_STRICT_OBJC_MSGSEND = YES;
				GCC_C_LANGUAGE_STANDARD = gnu11;
				GCC_NO_COMMON_BLOCKS = YES;
				GCC_WARN_64_TO_32_BIT_CONVERSION = YES;
				GCC_WARN_ABOUT_RETURN_TYPE = YES_ERROR;
				GCC_WARN_UNDECLARED_SELECTOR = YES;
				GCC_WARN_UNINITIALIZED_AUTOS = YES_AGGRESSIVE;
				GCC_WARN_UNUSED_FUNCTION = YES;
				GCC_WARN_UNUSED_VARIABLE = YES;
				IPHONEOS_DEPLOYMENT_TARGET = 14.4;
				MTL_ENABLE_DEBUG_INFO = NO;
				MTL_FAST_MATH = YES;
				SDKROOT = iphoneos;
				SWIFT_COMPILATION_MODE = wholemodule;
				SWIFT_OPTIMIZATION_LEVEL = "-O";
				VALIDATE_PRODUCT = YES;
			};
			name = Release;
		};
		D2CA1C5225FAB8940037A0E4 /* Debug */ = {
			isa = XCBuildConfiguration;
			buildSettings = {
				ASSETCATALOG_COMPILER_APPICON_NAME = AppIcon;
				ASSETCATALOG_COMPILER_GLOBAL_ACCENT_COLOR_NAME = AccentColor;
				CODE_SIGN_STYLE = Automatic;
				DEVELOPMENT_ASSET_PATHS = "\"ARtest2/Preview Content\"";
				DEVELOPMENT_TEAM = SA6C2XQGQH;
				ENABLE_PREVIEWS = YES;
				INFOPLIST_FILE = ARtest2/Info.plist;
				LD_RUNPATH_SEARCH_PATHS = (
					"$(inherited)",
					"@executable_path/Frameworks",
				);
				PRODUCT_BUNDLE_IDENTIFIER = kalaydzhiev.martin.NutritionAR;
				PRODUCT_NAME = "$(TARGET_NAME)";
				SWIFT_VERSION = 5.0;
				TARGETED_DEVICE_FAMILY = "1,2";
			};
			name = Debug;
		};
		D2CA1C5325FAB8940037A0E4 /* Release */ = {
			isa = XCBuildConfiguration;
			buildSettings = {
				ASSETCATALOG_COMPILER_APPICON_NAME = AppIcon;
				ASSETCATALOG_COMPILER_GLOBAL_ACCENT_COLOR_NAME = AccentColor;
				CODE_SIGN_STYLE = Automatic;
				DEVELOPMENT_ASSET_PATHS = "\"ARtest2/Preview Content\"";
				DEVELOPMENT_TEAM = SA6C2XQGQH;
				ENABLE_PREVIEWS = YES;
				INFOPLIST_FILE = ARtest2/Info.plist;
				LD_RUNPATH_SEARCH_PATHS = (
					"$(inherited)",
					"@executable_path/Frameworks",
				);
				PRODUCT_BUNDLE_IDENTIFIER = kalaydzhiev.martin.NutritionAR;
				PRODUCT_NAME = "$(TARGET_NAME)";
				SWIFT_VERSION = 5.0;
				TARGETED_DEVICE_FAMILY = "1,2";
			};
			name = Release;
		};
/* End XCBuildConfiguration section */

/* Begin XCConfigurationList section */
		D2CA1C3B25FAB8910037A0E4 /* Build configuration list for PBXProject "ARtest2" */ = {
			isa = XCConfigurationList;
			buildConfigurations = (
				D2CA1C4F25FAB8940037A0E4 /* Debug */,
				D2CA1C5025FAB8940037A0E4 /* Release */,
			);
			defaultConfigurationIsVisible = 0;
			defaultConfigurationName = Release;
		};
		D2CA1C5125FAB8940037A0E4 /* Build configuration list for PBXNativeTarget "ARtest2" */ = {
			isa = XCConfigurationList;
			buildConfigurations = (
				D2CA1C5225FAB8940037A0E4 /* Debug */,
				D2CA1C5325FAB8940037A0E4 /* Release */,
			);
			defaultConfigurationIsVisible = 0;
			defaultConfigurationName = Release;
		};
/* End XCConfigurationList section */
	};
	rootObject = D2CA1C3825FAB8910037A0E4 /* Project object */;
}
